
Microsoft Visual Studio Solution File, Format Version 12.00
# Visual Studio 14
VisualStudioVersion = 14.0.23107.0
MinimumVisualStudioVersion = 10.0.40219.1
Project("{FAE04EC0-301F-11D3-BF4B-00C04F79EFBC}") = "ShipmentsAPI", "ShipmentsAPI\ShipmentsAPI.csproj", "{D5C992C6-12CE-4FEA-8F19-D6BA100E482D}"
EndProject
Project("{E24C65DC-7377-472B-9ABA-BC803B73C61A}") = "ShipmentsWeb", "ShipmentsWeb\", "{1AF05CF9-F0D0-49AA-8ABF-196F05F6F728}"
	ProjectSection(WebsiteProperties) = preProject
		TargetFrameworkMoniker = ".NETFramework,Version%3Dv4.5"
		Debug.AspNetCompiler.VirtualPath = "/localhost_28053"
		Debug.AspNetCompiler.PhysicalPath = "ShipmentsWeb\"
		Debug.AspNetCompiler.TargetPath = "PrecompiledWeb\localhost_28053\"
		Debug.AspNetCompiler.Updateable = "true"
		Debug.AspNetCompiler.ForceOverwrite = "true"
		Debug.AspNetCompiler.FixedNames = "false"
		Debug.AspNetCompiler.Debug = "True"
		Release.AspNetCompiler.VirtualPath = "/localhost_28053"
		Release.AspNetCompiler.PhysicalPath = "ShipmentsWeb\"
		Release.AspNetCompiler.TargetPath = "PrecompiledWeb\localhost_28053\"
		Release.AspNetCompiler.Updateable = "true"
		Release.AspNetCompiler.ForceOverwrite = "true"
		Release.AspNetCompiler.FixedNames = "false"
		Release.AspNetCompiler.Debug = "False"
		VWDPort = "28053"
		SlnRelativePath = "ShipmentsWeb\"
		DefaultWebSiteLanguage = "Visual C#"
	EndProjectSection
EndProject
Global
	GlobalSection(SolutionConfigurationPlatforms) = preSolution
		Debug|Any CPU = Debug|Any CPU
		Release|Any CPU = Release|Any CPU
	EndGlobalSection
	GlobalSection(ProjectConfigurationPlatforms) = postSolution
		{D5C992C6-12CE-4FEA-8F19-D6BA100E482D}.Debug|Any CPU.ActiveCfg = Debug|Any CPU
		{D5C992C6-12CE-4FEA-8F19-D6BA100E482D}.Debug|Any CPU.Build.0 = Debug|Any CPU
		{D5C992C6-12CE-4FEA-8F19-D6BA100E482D}.Release|Any CPU.ActiveCfg = Release|Any CPU
		{D5C992C6-12CE-4FEA-8F19-D6BA100E482D}.Release|Any CPU.Build.0 = Release|Any CPU
		{1AF05CF9-F0D0-49AA-8ABF-196F05F6F728}.Debug|Any CPU.ActiveCfg = Debug|Any CPU
		{1AF05CF9-F0D0-49AA-8ABF-196F05F6F728}.Debug|Any CPU.Build.0 = Debug|Any CPU
		{1AF05CF9-F0D0-49AA-8ABF-196F05F6F728}.Release|Any CPU.ActiveCfg = Debug|Any CPU
		{1AF05CF9-F0D0-49AA-8ABF-196F05F6F728}.Release|Any CPU.Build.0 = Debug|Any CPU
	EndGlobalSection
	GlobalSection(SolutionProperties) = preSolution
		HideSolutionNode = FALSE
	EndGlobalSection
EndGlobal
